
Microsoft Visual Studio Solution File, Format Version 12.00
# Visual Studio Version 16
VisualStudioVersion = 16.0.31005.135
MinimumVisualStudioVersion = 10.0.40219.1
Project("{FAE04EC0-301F-11D3-BF4B-00C04F79EFBC}") = "Datatypes", "Datatypes\Datatypes.csproj", "{0FCEB760-43F1-4447-B05D-2B419B38486F}"
EndProject
Project("{FAE04EC0-301F-11D3-BF4B-00C04F79EFBC}") = "Oefening1", "Oefening1\Oefening1.csproj", "{C58A82D3-F54F-4C69-BA69-A1643A734637}"
EndProject
Project("{FAE04EC0-301F-11D3-BF4B-00C04F79EFBC}") = "Oefening2", "Oefening2\Oefening2.csproj", "{CCA4514D-9C08-4F7D-A3E7-EA686752C050}"
EndProject
Project("{FAE04EC0-301F-11D3-BF4B-00C04F79EFBC}") = "Oefening3", "Oefening3\Oefening3.csproj", "{808A20D4-834E-41B0-95BA-B3ECCA24DCF4}"
EndProject
Project("{FAE04EC0-301F-11D3-BF4B-00C04F79EFBC}") = "Oefening4", "Oefening4\Oefening4.csproj", "{EEB0E980-A2C2-4D15-B17C-2EB5B201F297}"
EndProject
Project("{FAE04EC0-301F-11D3-BF4B-00C04F79EFBC}") = "Oefening5", "Oefening5\Oefening5.csproj", "{B704FC95-BBC6-4FA9-AE49-394897067241}"
EndProject
Project("{FAE04EC0-301F-11D3-BF4B-00C04F79EFBC}") = "Oefening6", "Oefening6\Oefening6.csproj", "{A26240A0-A742-421B-951F-E3399AE980F1}"
EndProject
Global
	GlobalSection(SolutionConfigurationPlatforms) = preSolution
		Debug|Any CPU = Debug|Any CPU
		Release|Any CPU = Release|Any CPU
	EndGlobalSection
	GlobalSection(ProjectConfigurationPlatforms) = postSolution
		{0FCEB760-43F1-4447-B05D-2B419B38486F}.Debug|Any CPU.ActiveCfg = Debug|Any CPU
		{0FCEB760-43F1-4447-B05D-2B419B38486F}.Debug|Any CPU.Build.0 = Debug|Any CPU
		{0FCEB760-43F1-4447-B05D-2B419B38486F}.Release|Any CPU.ActiveCfg = Release|Any CPU
		{0FCEB760-43F1-4447-B05D-2B419B38486F}.Release|Any CPU.Build.0 = Release|Any CPU
		{C58A82D3-F54F-4C69-BA69-A1643A734637}.Debug|Any CPU.ActiveCfg = Debug|Any CPU
		{C58A82D3-F54F-4C69-BA69-A1643A734637}.Debug|Any CPU.Build.0 = Debug|Any CPU
		{C58A82D3-F54F-4C69-BA69-A1643A734637}.Release|Any CPU.ActiveCfg = Release|Any CPU
		{C58A82D3-F54F-4C69-BA69-A1643A734637}.Release|Any CPU.Build.0 = Release|Any CPU
		{CCA4514D-9C08-4F7D-A3E7-EA686752C050}.Debug|Any CPU.ActiveCfg = Debug|Any CPU
		{CCA4514D-9C08-4F7D-A3E7-EA686752C050}.Debug|Any CPU.Build.0 = Debug|Any CPU
		{CCA4514D-9C08-4F7D-A3E7-EA686752C050}.Release|Any CPU.ActiveCfg = Release|Any CPU
		{CCA4514D-9C08-4F7D-A3E7-EA686752C050}.Release|Any CPU.Build.0 = Release|Any CPU
		{808A20D4-834E-41B0-95BA-B3ECCA24DCF4}.Debug|Any CPU.ActiveCfg = Debug|Any CPU
		{808A20D4-834E-41B0-95BA-B3ECCA24DCF4}.Debug|Any CPU.Build.0 = Debug|Any CPU
		{808A20D4-834E-41B0-95BA-B3ECCA24DCF4}.Release|Any CPU.ActiveCfg = Release|Any CPU
		{808A20D4-834E-41B0-95BA-B3ECCA24DCF4}.Release|Any CPU.Build.0 = Release|Any CPU
		{EEB0E980-A2C2-4D15-B17C-2EB5B201F297}.Debug|Any CPU.ActiveCfg = Debug|Any CPU
		{EEB0E980-A2C2-4D15-B17C-2EB5B201F297}.Debug|Any CPU.Build.0 = Debug|Any CPU
		{EEB0E980-A2C2-4D15-B17C-2EB5B201F297}.Release|Any CPU.ActiveCfg = Release|Any CPU
		{EEB0E980-A2C2-4D15-B17C-2EB5B201F297}.Release|Any CPU.Build.0 = Release|Any CPU
		{B704FC95-BBC6-4FA9-AE49-394897067241}.Debug|Any CPU.ActiveCfg = Debug|Any CPU
		{B704FC95-BBC6-4FA9-AE49-394897067241}.Debug|Any CPU.Build.0 = Debug|Any CPU
		{B704FC95-BBC6-4FA9-AE49-394897067241}.Release|Any CPU.ActiveCfg = Release|Any CPU
		{B704FC95-BBC6-4FA9-AE49-394897067241}.Release|Any CPU.Build.0 = Release|Any CPU
		{A26240A0-A742-421B-951F-E3399AE980F1}.Debug|Any CPU.ActiveCfg = Debug|Any CPU
		{A26240A0-A742-421B-951F-E3399AE980F1}.Debug|Any CPU.Build.0 = Debug|Any CPU
		{A26240A0-A742-421B-951F-E3399AE980F1}.Release|Any CPU.ActiveCfg = Release|Any CPU
		{A26240A0-A742-421B-951F-E3399AE980F1}.Release|Any CPU.Build.0 = Release|Any CPU
	EndGlobalSection
	GlobalSection(SolutionProperties) = preSolution
		HideSolutionNode = FALSE
	EndGlobalSection
	GlobalSection(ExtensibilityGlobals) = postSolution
		SolutionGuid = {74B01579-A572-4057-947C-6424D67A87E8}
	EndGlobalSection
EndGlobal
